// !$*UTF8*$!
{
	archiveVersion = 1;
	classes = {
	};
	objectVersion = 46;
	objects = {

/* Begin PBXBuildFile section */
		038C5F271DA6933000A8F75B /* Constants.swift in Sources */ = {isa = PBXBuildFile; fileRef = 038C5F261DA6933000A8F75B /* Constants.swift */; };
		038C5F291DA7C18600A8F75B /* FeedVC.swift in Sources */ = {isa = PBXBuildFile; fileRef = 038C5F281DA7C18600A8F75B /* FeedVC.swift */; };
		038C5F2B1DA7CD9300A8F75B /* SettingsVC.swift in Sources */ = {isa = PBXBuildFile; fileRef = 038C5F2A1DA7CD9300A8F75B /* SettingsVC.swift */; };
		038F365F1DAD2C6500A7E27D /* CircleIV.swift in Sources */ = {isa = PBXBuildFile; fileRef = 038F365E1DAD2C6500A7E27D /* CircleIV.swift */; };
		038F36611DAD2FCF00A7E27D /* ImagePostCell.swift in Sources */ = {isa = PBXBuildFile; fileRef = 038F36601DAD2FCF00A7E27D /* ImagePostCell.swift */; };
		038F36631DAD2FE900A7E27D /* TextPostCell.swift in Sources */ = {isa = PBXBuildFile; fileRef = 038F36621DAD2FE900A7E27D /* TextPostCell.swift */; };
		03E78E3F1D9B7FDA0018B3FE /* AppDelegate.swift in Sources */ = {isa = PBXBuildFile; fileRef = 03E78E3E1D9B7FDA0018B3FE /* AppDelegate.swift */; };
		03E78E411D9B7FDA0018B3FE /* SignInVC.swift in Sources */ = {isa = PBXBuildFile; fileRef = 03E78E401D9B7FDA0018B3FE /* SignInVC.swift */; };
		03E78E441D9B7FDA0018B3FE /* Main.storyboard in Resources */ = {isa = PBXBuildFile; fileRef = 03E78E421D9B7FDA0018B3FE /* Main.storyboard */; };
		03E78E461D9B7FDA0018B3FE /* Assets.xcassets in Resources */ = {isa = PBXBuildFile; fileRef = 03E78E451D9B7FDA0018B3FE /* Assets.xcassets */; };
		03E78E491D9B7FDA0018B3FE /* LaunchScreen.storyboard in Resources */ = {isa = PBXBuildFile; fileRef = 03E78E471D9B7FDA0018B3FE /* LaunchScreen.storyboard */; };
		03E78E511D9B80180018B3FE /* GoogleService-Info.plist in Resources */ = {isa = PBXBuildFile; fileRef = 03E78E501D9B80180018B3FE /* GoogleService-Info.plist */; };
		03E78E5A1D9B95760018B3FE /* SignInTextField.swift in Sources */ = {isa = PBXBuildFile; fileRef = 03E78E591D9B95760018B3FE /* SignInTextField.swift */; };
		03E78E5E1D9BA3960018B3FE /* RoundButton.swift in Sources */ = {isa = PBXBuildFile; fileRef = 03E78E5D1D9BA3960018B3FE /* RoundButton.swift */; };
		03E78E601D9BA59D0018B3FE /* ShadowView.swift in Sources */ = {isa = PBXBuildFile; fileRef = 03E78E5F1D9BA59D0018B3FE /* ShadowView.swift */; };
		03E78E621D9BA6E60018B3FE /* SignInButton.swift in Sources */ = {isa = PBXBuildFile; fileRef = 03E78E611D9BA6E60018B3FE /* SignInButton.swift */; };
		03E78E6C1D9BAFEB0018B3FE /* FBSDKCoreKit.framework in Frameworks */ = {isa = PBXBuildFile; fileRef = 03E78E691D9BAFEB0018B3FE /* FBSDKCoreKit.framework */; };
		03E78E6D1D9BAFEB0018B3FE /* FBSDKLoginKit.framework in Frameworks */ = {isa = PBXBuildFile; fileRef = 03E78E6A1D9BAFEB0018B3FE /* FBSDKLoginKit.framework */; };
		03E78E6E1D9BAFEB0018B3FE /* FBSDKShareKit.framework in Frameworks */ = {isa = PBXBuildFile; fileRef = 03E78E6B1D9BAFEB0018B3FE /* FBSDKShareKit.framework */; };
		03FCBAA61DAD16CE005270F9 /* ShadowIV.swift in Sources */ = {isa = PBXBuildFile; fileRef = 03FCBAA51DAD16CE005270F9 /* ShadowIV.swift */; };
		03FCBAA81DAD176A005270F9 /* PostTextView.swift in Sources */ = {isa = PBXBuildFile; fileRef = 03FCBAA71DAD176A005270F9 /* PostTextView.swift */; };
		B9D95A80D83C5B136B2E254C /* Pods_CGISocial.framework in Frameworks */ = {isa = PBXBuildFile; fileRef = 39C730C17005DE2D644DFB4B /* Pods_CGISocial.framework */; };
/* End PBXBuildFile section */

/* Begin PBXFileReference section */
		038C5F261DA6933000A8F75B /* Constants.swift */ = {isa = PBXFileReference; fileEncoding = 4; lastKnownFileType = sourcecode.swift; path = Constants.swift; sourceTree = "<group>"; };
		038C5F281DA7C18600A8F75B /* FeedVC.swift */ = {isa = PBXFileReference; fileEncoding = 4; lastKnownFileType = sourcecode.swift; path = FeedVC.swift; sourceTree = "<group>"; };
		038C5F2A1DA7CD9300A8F75B /* SettingsVC.swift */ = {isa = PBXFileReference; fileEncoding = 4; lastKnownFileType = sourcecode.swift; path = SettingsVC.swift; sourceTree = "<group>"; };
		038F365E1DAD2C6500A7E27D /* CircleIV.swift */ = {isa = PBXFileReference; fileEncoding = 4; lastKnownFileType = sourcecode.swift; path = CircleIV.swift; sourceTree = "<group>"; };
		038F36601DAD2FCF00A7E27D /* ImagePostCell.swift */ = {isa = PBXFileReference; fileEncoding = 4; lastKnownFileType = sourcecode.swift; path = ImagePostCell.swift; sourceTree = "<group>"; };
		038F36621DAD2FE900A7E27D /* TextPostCell.swift */ = {isa = PBXFileReference; fileEncoding = 4; lastKnownFileType = sourcecode.swift; path = TextPostCell.swift; sourceTree = "<group>"; };
		03E78E3B1D9B7FDA0018B3FE /* CGISocial.app */ = {isa = PBXFileReference; explicitFileType = wrapper.application; includeInIndex = 0; path = CGISocial.app; sourceTree = BUILT_PRODUCTS_DIR; };
		03E78E3E1D9B7FDA0018B3FE /* AppDelegate.swift */ = {isa = PBXFileReference; lastKnownFileType = sourcecode.swift; path = AppDelegate.swift; sourceTree = "<group>"; };
		03E78E401D9B7FDA0018B3FE /* SignInVC.swift */ = {isa = PBXFileReference; lastKnownFileType = sourcecode.swift; path = SignInVC.swift; sourceTree = "<group>"; };
		03E78E431D9B7FDA0018B3FE /* Base */ = {isa = PBXFileReference; lastKnownFileType = file.storyboard; name = Base; path = Base.lproj/Main.storyboard; sourceTree = "<group>"; };
		03E78E451D9B7FDA0018B3FE /* Assets.xcassets */ = {isa = PBXFileReference; lastKnownFileType = folder.assetcatalog; path = Assets.xcassets; sourceTree = "<group>"; };
		03E78E481D9B7FDA0018B3FE /* Base */ = {isa = PBXFileReference; lastKnownFileType = file.storyboard; name = Base; path = Base.lproj/LaunchScreen.storyboard; sourceTree = "<group>"; };
		03E78E4A1D9B7FDA0018B3FE /* Info.plist */ = {isa = PBXFileReference; lastKnownFileType = text.plist.xml; path = Info.plist; sourceTree = "<group>"; };
		03E78E501D9B80180018B3FE /* GoogleService-Info.plist */ = {isa = PBXFileReference; fileEncoding = 4; lastKnownFileType = text.plist.xml; path = "GoogleService-Info.plist"; sourceTree = "<group>"; };
		03E78E591D9B95760018B3FE /* SignInTextField.swift */ = {isa = PBXFileReference; fileEncoding = 4; lastKnownFileType = sourcecode.swift; path = SignInTextField.swift; sourceTree = "<group>"; };
		03E78E5D1D9BA3960018B3FE /* RoundButton.swift */ = {isa = PBXFileReference; fileEncoding = 4; lastKnownFileType = sourcecode.swift; path = RoundButton.swift; sourceTree = "<group>"; };
		03E78E5F1D9BA59D0018B3FE /* ShadowView.swift */ = {isa = PBXFileReference; fileEncoding = 4; lastKnownFileType = sourcecode.swift; path = ShadowView.swift; sourceTree = "<group>"; };
		03E78E611D9BA6E60018B3FE /* SignInButton.swift */ = {isa = PBXFileReference; fileEncoding = 4; lastKnownFileType = sourcecode.swift; path = SignInButton.swift; sourceTree = "<group>"; };
		03E78E691D9BAFEB0018B3FE /* FBSDKCoreKit.framework */ = {isa = PBXFileReference; lastKnownFileType = wrapper.framework; path = FBSDKCoreKit.framework; sourceTree = "<group>"; };
		03E78E6A1D9BAFEB0018B3FE /* FBSDKLoginKit.framework */ = {isa = PBXFileReference; lastKnownFileType = wrapper.framework; path = FBSDKLoginKit.framework; sourceTree = "<group>"; };
		03E78E6B1D9BAFEB0018B3FE /* FBSDKShareKit.framework */ = {isa = PBXFileReference; lastKnownFileType = wrapper.framework; path = FBSDKShareKit.framework; sourceTree = "<group>"; };
		03ED4AB31D9BC4B300D1E446 /* CGISocial.entitlements */ = {isa = PBXFileReference; lastKnownFileType = text.plist.entitlements; path = CGISocial.entitlements; sourceTree = "<group>"; };
		03FCBAA51DAD16CE005270F9 /* ShadowIV.swift */ = {isa = PBXFileReference; fileEncoding = 4; lastKnownFileType = sourcecode.swift; path = ShadowIV.swift; sourceTree = "<group>"; };
		03FCBAA71DAD176A005270F9 /* PostTextView.swift */ = {isa = PBXFileReference; fileEncoding = 4; lastKnownFileType = sourcecode.swift; path = PostTextView.swift; sourceTree = "<group>"; };
		39C730C17005DE2D644DFB4B /* Pods_CGISocial.framework */ = {isa = PBXFileReference; explicitFileType = wrapper.framework; includeInIndex = 0; path = Pods_CGISocial.framework; sourceTree = BUILT_PRODUCTS_DIR; };
		DF58EEFDDEFB120D42325C83 /* Pods-CGISocial.debug.xcconfig */ = {isa = PBXFileReference; includeInIndex = 1; lastKnownFileType = text.xcconfig; name = "Pods-CGISocial.debug.xcconfig"; path = "Pods/Target Support Files/Pods-CGISocial/Pods-CGISocial.debug.xcconfig"; sourceTree = "<group>"; };
		E88A44461CD4C899E2AE27E0 /* Pods-CGISocial.release.xcconfig */ = {isa = PBXFileReference; includeInIndex = 1; lastKnownFileType = text.xcconfig; name = "Pods-CGISocial.release.xcconfig"; path = "Pods/Target Support Files/Pods-CGISocial/Pods-CGISocial.release.xcconfig"; sourceTree = "<group>"; };
/* End PBXFileReference section */

/* Begin PBXFrameworksBuildPhase section */
		03E78E381D9B7FD90018B3FE /* Frameworks */ = {
			isa = PBXFrameworksBuildPhase;
			buildActionMask = 2147483647;
			files = (
				03E78E6E1D9BAFEB0018B3FE /* FBSDKShareKit.framework in Frameworks */,
				B9D95A80D83C5B136B2E254C /* Pods_CGISocial.framework in Frameworks */,
				03E78E6C1D9BAFEB0018B3FE /* FBSDKCoreKit.framework in Frameworks */,
				03E78E6D1D9BAFEB0018B3FE /* FBSDKLoginKit.framework in Frameworks */,
			);
			runOnlyForDeploymentPostprocessing = 0;
		};
/* End PBXFrameworksBuildPhase section */

/* Begin PBXGroup section */
		03E78E321D9B7FD90018B3FE = {
			isa = PBXGroup;
			children = (
				03E78E3D1D9B7FDA0018B3FE /* CGISocial */,
				03E78E3C1D9B7FDA0018B3FE /* Products */,
				5550CCD0BE609BA60C8DBECA /* Pods */,
				8C3C488E584D8B49567F319E /* Frameworks */,
			);
			sourceTree = "<group>";
		};
		03E78E3C1D9B7FDA0018B3FE /* Products */ = {
			isa = PBXGroup;
			children = (
				03E78E3B1D9B7FDA0018B3FE /* CGISocial.app */,
			);
			name = Products;
			sourceTree = "<group>";
		};
		03E78E3D1D9B7FDA0018B3FE /* CGISocial */ = {
			isa = PBXGroup;
			children = (
				03E78E581D9B837C0018B3FE /* Storyboard */,
				03E78E571D9B836E0018B3FE /* View */,
				03E78E561D9B835B0018B3FE /* Model */,
				03E78E551D9B834E0018B3FE /* Controller */,
				03E78E541D9B83370018B3FE /* Delegate */,
				03E78E531D9B82F10018B3FE /* Resourses */,
				03E78E521D9B82D60018B3FE /* Info */,
			);
			path = CGISocial;
			sourceTree = "<group>";
		};
		03E78E521D9B82D60018B3FE /* Info */ = {
			isa = PBXGroup;
			children = (
				03ED4AB31D9BC4B300D1E446 /* CGISocial.entitlements */,
				03E78E4A1D9B7FDA0018B3FE /* Info.plist */,
				03E78E501D9B80180018B3FE /* GoogleService-Info.plist */,
			);
			name = Info;
			sourceTree = "<group>";
		};
		03E78E531D9B82F10018B3FE /* Resourses */ = {
			isa = PBXGroup;
			children = (
				03E78E451D9B7FDA0018B3FE /* Assets.xcassets */,
				038C5F261DA6933000A8F75B /* Constants.swift */,
			);
			name = Resourses;
			sourceTree = "<group>";
		};
		03E78E541D9B83370018B3FE /* Delegate */ = {
			isa = PBXGroup;
			children = (
				03E78E3E1D9B7FDA0018B3FE /* AppDelegate.swift */,
			);
			name = Delegate;
			sourceTree = "<group>";
		};
		03E78E551D9B834E0018B3FE /* Controller */ = {
			isa = PBXGroup;
			children = (
				03E78E401D9B7FDA0018B3FE /* SignInVC.swift */,
				038C5F281DA7C18600A8F75B /* FeedVC.swift */,
				038C5F2A1DA7CD9300A8F75B /* SettingsVC.swift */,
			);
			name = Controller;
			sourceTree = "<group>";
		};
		03E78E561D9B835B0018B3FE /* Model */ = {
			isa = PBXGroup;
			children = (
			);
			name = Model;
			sourceTree = "<group>";
		};
		03E78E571D9B836E0018B3FE /* View */ = {
			isa = PBXGroup;
			children = (
				03E78E591D9B95760018B3FE /* SignInTextField.swift */,
				03E78E5D1D9BA3960018B3FE /* RoundButton.swift */,
				03E78E5F1D9BA59D0018B3FE /* ShadowView.swift */,
				03E78E611D9BA6E60018B3FE /* SignInButton.swift */,
				03FCBAA51DAD16CE005270F9 /* ShadowIV.swift */,
				03FCBAA71DAD176A005270F9 /* PostTextView.swift */,
				038F365E1DAD2C6500A7E27D /* CircleIV.swift */,
				038F36601DAD2FCF00A7E27D /* ImagePostCell.swift */,
				038F36621DAD2FE900A7E27D /* TextPostCell.swift */,
			);
			name = View;
			sourceTree = "<group>";
		};
		03E78E581D9B837C0018B3FE /* Storyboard */ = {
			isa = PBXGroup;
			children = (
				03E78E421D9B7FDA0018B3FE /* Main.storyboard */,
				03E78E471D9B7FDA0018B3FE /* LaunchScreen.storyboard */,
			);
			name = Storyboard;
			sourceTree = "<group>";
		};
		5550CCD0BE609BA60C8DBECA /* Pods */ = {
			isa = PBXGroup;
			children = (
				DF58EEFDDEFB120D42325C83 /* Pods-CGISocial.debug.xcconfig */,
				E88A44461CD4C899E2AE27E0 /* Pods-CGISocial.release.xcconfig */,
			);
			name = Pods;
			sourceTree = "<group>";
		};
		8C3C488E584D8B49567F319E /* Frameworks */ = {
			isa = PBXGroup;
			children = (
				03E78E691D9BAFEB0018B3FE /* FBSDKCoreKit.framework */,
				03E78E6A1D9BAFEB0018B3FE /* FBSDKLoginKit.framework */,
				03E78E6B1D9BAFEB0018B3FE /* FBSDKShareKit.framework */,
				39C730C17005DE2D644DFB4B /* Pods_CGISocial.framework */,
			);
			name = Frameworks;
			sourceTree = "<group>";
		};
/* End PBXGroup section */

/* Begin PBXNativeTarget section */
		03E78E3A1D9B7FD90018B3FE /* CGISocial */ = {
			isa = PBXNativeTarget;
			buildConfigurationList = 03E78E4D1D9B7FDA0018B3FE /* Build configuration list for PBXNativeTarget "CGISocial" */;
			buildPhases = (
				B02B68D4D10C282FD87E9992 /* [CP] Check Pods Manifest.lock */,
				03E78E371D9B7FD90018B3FE /* Sources */,
				03E78E381D9B7FD90018B3FE /* Frameworks */,
				03E78E391D9B7FD90018B3FE /* Resources */,
				2EAE1277EC826E3DAC17E6A3 /* [CP] Embed Pods Frameworks */,
				862619989A2A42DB7AD7BCE5 /* [CP] Copy Pods Resources */,
			);
			buildRules = (
			);
			dependencies = (
			);
			name = CGISocial;
			productName = CGISocial;
			productReference = 03E78E3B1D9B7FDA0018B3FE /* CGISocial.app */;
			productType = "com.apple.product-type.application";
		};
/* End PBXNativeTarget section */

/* Begin PBXProject section */
		03E78E331D9B7FD90018B3FE /* Project object */ = {
			isa = PBXProject;
			attributes = {
				LastSwiftUpdateCheck = 0810;
				LastUpgradeCheck = 0810;
				ORGANIZATIONNAME = CgiDevelopments;
				TargetAttributes = {
					03E78E3A1D9B7FD90018B3FE = {
						CreatedOnToolsVersion = 8.1;
						DevelopmentTeam = 458GZWZ2EK;
						ProvisioningStyle = Automatic;
						SystemCapabilities = {
							com.apple.Keychain = {
								enabled = 1;
							};
						};
					};
				};
			};
			buildConfigurationList = 03E78E361D9B7FD90018B3FE /* Build configuration list for PBXProject "CGISocial" */;
			compatibilityVersion = "Xcode 3.2";
			developmentRegion = English;
			hasScannedForEncodings = 0;
			knownRegions = (
				en,
				Base,
			);
			mainGroup = 03E78E321D9B7FD90018B3FE;
			productRefGroup = 03E78E3C1D9B7FDA0018B3FE /* Products */;
			projectDirPath = "";
			projectRoot = "";
			targets = (
				03E78E3A1D9B7FD90018B3FE /* CGISocial */,
			);
		};
/* End PBXProject section */

/* Begin PBXResourcesBuildPhase section */
		03E78E391D9B7FD90018B3FE /* Resources */ = {
			isa = PBXResourcesBuildPhase;
			buildActionMask = 2147483647;
			files = (
				03E78E491D9B7FDA0018B3FE /* LaunchScreen.storyboard in Resources */,
				03E78E511D9B80180018B3FE /* GoogleService-Info.plist in Resources */,
				03E78E461D9B7FDA0018B3FE /* Assets.xcassets in Resources */,
				03E78E441D9B7FDA0018B3FE /* Main.storyboard in Resources */,
			);
			runOnlyForDeploymentPostprocessing = 0;
		};
/* End PBXResourcesBuildPhase section */

/* Begin PBXShellScriptBuildPhase section */
		2EAE1277EC826E3DAC17E6A3 /* [CP] Embed Pods Frameworks */ = {
			isa = PBXShellScriptBuildPhase;
			buildActionMask = 2147483647;
			files = (
			);
			inputPaths = (
			);
			name = "[CP] Embed Pods Frameworks";
			outputPaths = (
			);
			runOnlyForDeploymentPostprocessing = 0;
			shellPath = /bin/sh;
			shellScript = "\"${SRCROOT}/Pods/Target Support Files/Pods-CGISocial/Pods-CGISocial-frameworks.sh\"\n";
			showEnvVarsInLog = 0;
		};
		862619989A2A42DB7AD7BCE5 /* [CP] Copy Pods Resources */ = {
			isa = PBXShellScriptBuildPhase;
			buildActionMask = 2147483647;
			files = (
			);
			inputPaths = (
			);
			name = "[CP] Copy Pods Resources";
			outputPaths = (
			);
			runOnlyForDeploymentPostprocessing = 0;
			shellPath = /bin/sh;
			shellScript = "\"${SRCROOT}/Pods/Target Support Files/Pods-CGISocial/Pods-CGISocial-resources.sh\"\n";
			showEnvVarsInLog = 0;
		};
		B02B68D4D10C282FD87E9992 /* [CP] Check Pods Manifest.lock */ = {
			isa = PBXShellScriptBuildPhase;
			buildActionMask = 2147483647;
			files = (
			);
			inputPaths = (
			);
			name = "[CP] Check Pods Manifest.lock";
			outputPaths = (
			);
			runOnlyForDeploymentPostprocessing = 0;
			shellPath = /bin/sh;
			shellScript = "diff \"${PODS_ROOT}/../Podfile.lock\" \"${PODS_ROOT}/Manifest.lock\" > /dev/null\nif [ $? != 0 ] ; then\n    # print error to STDERR\n    echo \"error: The sandbox is not in sync with the Podfile.lock. Run 'pod install' or update your CocoaPods installation.\" >&2\n    exit 1\nfi\n";
			showEnvVarsInLog = 0;
		};
/* End PBXShellScriptBuildPhase section */

/* Begin PBXSourcesBuildPhase section */
		03E78E371D9B7FD90018B3FE /* Sources */ = {
			isa = PBXSourcesBuildPhase;
			buildActionMask = 2147483647;
			files = (
				038F36631DAD2FE900A7E27D /* TextPostCell.swift in Sources */,
				03E78E5E1D9BA3960018B3FE /* RoundButton.swift in Sources */,
				03E78E411D9B7FDA0018B3FE /* SignInVC.swift in Sources */,
				03E78E5A1D9B95760018B3FE /* SignInTextField.swift in Sources */,
				03E78E3F1D9B7FDA0018B3FE /* AppDelegate.swift in Sources */,
				038C5F291DA7C18600A8F75B /* FeedVC.swift in Sources */,
				038F36611DAD2FCF00A7E27D /* ImagePostCell.swift in Sources */,
				038C5F271DA6933000A8F75B /* Constants.swift in Sources */,
				038F365F1DAD2C6500A7E27D /* CircleIV.swift in Sources */,
				03FCBAA61DAD16CE005270F9 /* ShadowIV.swift in Sources */,
				03FCBAA81DAD176A005270F9 /* PostTextView.swift in Sources */,
				03E78E601D9BA59D0018B3FE /* ShadowView.swift in Sources */,
				03E78E621D9BA6E60018B3FE /* SignInButton.swift in Sources */,
				038C5F2B1DA7CD9300A8F75B /* SettingsVC.swift in Sources */,
			);
			runOnlyForDeploymentPostprocessing = 0;
		};
/* End PBXSourcesBuildPhase section */

/* Begin PBXVariantGroup section */
		03E78E421D9B7FDA0018B3FE /* Main.storyboard */ = {
			isa = PBXVariantGroup;
			children = (
				03E78E431D9B7FDA0018B3FE /* Base */,
			);
			name = Main.storyboard;
			sourceTree = "<group>";
		};
		03E78E471D9B7FDA0018B3FE /* LaunchScreen.storyboard */ = {
			isa = PBXVariantGroup;
			children = (
				03E78E481D9B7FDA0018B3FE /* Base */,
			);
			name = LaunchScreen.storyboard;
			sourceTree = "<group>";
		};
/* End PBXVariantGroup section */

/* Begin XCBuildConfiguration section */
		03E78E4B1D9B7FDA0018B3FE /* Debug */ = {
			isa = XCBuildConfiguration;
			buildSettings = {
				ALWAYS_SEARCH_USER_PATHS = NO;
				CLANG_ANALYZER_NONNULL = YES;
				CLANG_CXX_LANGUAGE_STANDARD = "gnu++0x";
				CLANG_CXX_LIBRARY = "libc++";
				CLANG_ENABLE_MODULES = YES;
				CLANG_ENABLE_OBJC_ARC = YES;
				CLANG_WARN_BOOL_CONVERSION = YES;
				CLANG_WARN_CONSTANT_CONVERSION = YES;
				CLANG_WARN_DIRECT_OBJC_ISA_USAGE = YES_ERROR;
				CLANG_WARN_DOCUMENTATION_COMMENTS = YES;
				CLANG_WARN_EMPTY_BODY = YES;
				CLANG_WARN_ENUM_CONVERSION = YES;
				CLANG_WARN_INFINITE_RECURSION = YES;
				CLANG_WARN_INT_CONVERSION = YES;
				CLANG_WARN_OBJC_ROOT_CLASS = YES_ERROR;
				CLANG_WARN_SUSPICIOUS_MOVE = YES;
				CLANG_WARN_SUSPICIOUS_MOVES = YES;
				CLANG_WARN_UNREACHABLE_CODE = YES;
				CLANG_WARN__DUPLICATE_METHOD_MATCH = YES;
				"CODE_SIGN_IDENTITY[sdk=iphoneos*]" = "iPhone Developer";
				COPY_PHASE_STRIP = NO;
				DEBUG_INFORMATION_FORMAT = dwarf;
				ENABLE_STRICT_OBJC_MSGSEND = YES;
				ENABLE_TESTABILITY = YES;
				GCC_C_LANGUAGE_STANDARD = gnu99;
				GCC_DYNAMIC_NO_PIC = NO;
				GCC_NO_COMMON_BLOCKS = YES;
				GCC_OPTIMIZATION_LEVEL = 0;
				GCC_PREPROCESSOR_DEFINITIONS = (
					"DEBUG=1",
					"$(inherited)",
				);
				GCC_WARN_64_TO_32_BIT_CONVERSION = YES;
				GCC_WARN_ABOUT_RETURN_TYPE = YES_ERROR;
				GCC_WARN_UNDECLARED_SELECTOR = YES;
				GCC_WARN_UNINITIALIZED_AUTOS = YES_AGGRESSIVE;
				GCC_WARN_UNUSED_FUNCTION = YES;
				GCC_WARN_UNUSED_VARIABLE = YES;
				IPHONEOS_DEPLOYMENT_TARGET = 10.1;
				MTL_ENABLE_DEBUG_INFO = YES;
				ONLY_ACTIVE_ARCH = YES;
				SDKROOT = iphoneos;
				SWIFT_ACTIVE_COMPILATION_CONDITIONS = DEBUG;
				SWIFT_OPTIMIZATION_LEVEL = "-Onone";
				TARGETED_DEVICE_FAMILY = "1,2";
			};
			name = Debug;
		};
		03E78E4C1D9B7FDA0018B3FE /* Release */ = {
			isa = XCBuildConfiguration;
			buildSettings = {
				ALWAYS_SEARCH_USER_PATHS = NO;
				CLANG_ANALYZER_NONNULL = YES;
				CLANG_CXX_LANGUAGE_STANDARD = "gnu++0x";
				CLANG_CXX_LIBRARY = "libc++";
				CLANG_ENABLE_MODULES = YES;
				CLANG_ENABLE_OBJC_ARC = YES;
				CLANG_WARN_BOOL_CONVERSION = YES;
				CLANG_WARN_CONSTANT_CONVERSION = YES;
				CLANG_WARN_DIRECT_OBJC_ISA_USAGE = YES_ERROR;
				CLANG_WARN_DOCUMENTATION_COMMENTS = YES;
				CLANG_WARN_EMPTY_BODY = YES;
				CLANG_WARN_ENUM_CONVERSION = YES;
				CLANG_WARN_INFINITE_RECURSION = YES;
				CLANG_WARN_INT_CONVERSION = YES;
				CLANG_WARN_OBJC_ROOT_CLASS = YES_ERROR;
				CLANG_WARN_SUSPICIOUS_MOVE = YES;
				CLANG_WARN_SUSPICIOUS_MOVES = YES;
				CLANG_WARN_UNREACHABLE_CODE = YES;
				CLANG_WARN__DUPLICATE_METHOD_MATCH = YES;
				"CODE_SIGN_IDENTITY[sdk=iphoneos*]" = "iPhone Developer";
				COPY_PHASE_STRIP = NO;
				DEBUG_INFORMATION_FORMAT = "dwarf-with-dsym";
				ENABLE_NS_ASSERTIONS = NO;
				ENABLE_STRICT_OBJC_MSGSEND = YES;
				GCC_C_LANGUAGE_STANDARD = gnu99;
				GCC_NO_COMMON_BLOCKS = YES;
				GCC_WARN_64_TO_32_BIT_CONVERSION = YES;
				GCC_WARN_ABOUT_RETURN_TYPE = YES_ERROR;
				GCC_WARN_UNDECLARED_SELECTOR = YES;
				GCC_WARN_UNINITIALIZED_AUTOS = YES_AGGRESSIVE;
				GCC_WARN_UNUSED_FUNCTION = YES;
				GCC_WARN_UNUSED_VARIABLE = YES;
				IPHONEOS_DEPLOYMENT_TARGET = 10.1;
				MTL_ENABLE_DEBUG_INFO = NO;
				SDKROOT = iphoneos;
				SWIFT_OPTIMIZATION_LEVEL = "-Owholemodule";
				TARGETED_DEVICE_FAMILY = "1,2";
				VALIDATE_PRODUCT = YES;
			};
			name = Release;
		};
		03E78E4E1D9B7FDA0018B3FE /* Debug */ = {
			isa = XCBuildConfiguration;
			baseConfigurationReference = DF58EEFDDEFB120D42325C83 /* Pods-CGISocial.debug.xcconfig */;
			buildSettings = {
				ASSETCATALOG_COMPILER_APPICON_NAME = AppIcon;
				CODE_SIGN_ENTITLEMENTS = CGISocial/CGISocial.entitlements;
				DEVELOPMENT_TEAM = 458GZWZ2EK;
				FRAMEWORK_SEARCH_PATHS = (
					"$(inherited)",
					"$(PROJECT_DIR)",
				);
				INFOPLIST_FILE = CGISocial/Info.plist;
				LD_RUNPATH_SEARCH_PATHS = "$(inherited) @executable_path/Frameworks";
				PRODUCT_BUNDLE_IDENTIFIER = com.CgiDeveopments.CGISocial;
				PRODUCT_NAME = "$(TARGET_NAME)";
				SWIFT_VERSION = 3.0;
			};
			name = Debug;
		};
		03E78E4F1D9B7FDA0018B3FE /* Release */ = {
			isa = XCBuildConfiguration;
			baseConfigurationReference = E88A44461CD4C899E2AE27E0 /* Pods-CGISocial.release.xcconfig */;
			buildSettings = {
				ASSETCATALOG_COMPILER_APPICON_NAME = AppIcon;
				CODE_SIGN_ENTITLEMENTS = CGISocial/CGISocial.entitlements;
				DEVELOPMENT_TEAM = 458GZWZ2EK;
				FRAMEWORK_SEARCH_PATHS = (
					"$(inherited)",
					"$(PROJECT_DIR)",
				);
				INFOPLIST_FILE = CGISocial/Info.plist;
				LD_RUNPATH_SEARCH_PATHS = "$(inherited) @executable_path/Frameworks";
				PRODUCT_BUNDLE_IDENTIFIER = com.CgiDeveopments.CGISocial;
				PRODUCT_NAME = "$(TARGET_NAME)";
				SWIFT_VERSION = 3.0;
			};
			name = Release;
		};
/* End XCBuildConfiguration section */

/* Begin XCConfigurationList section */
		03E78E361D9B7FD90018B3FE /* Build configuration list for PBXProject "CGISocial" */ = {
			isa = XCConfigurationList;
			buildConfigurations = (
				03E78E4B1D9B7FDA0018B3FE /* Debug */,
				03E78E4C1D9B7FDA0018B3FE /* Release */,
			);
			defaultConfigurationIsVisible = 0;
			defaultConfigurationName = Release;
		};
		03E78E4D1D9B7FDA0018B3FE /* Build configuration list for PBXNativeTarget "CGISocial" */ = {
			isa = XCConfigurationList;
			buildConfigurations = (
				03E78E4E1D9B7FDA0018B3FE /* Debug */,
				03E78E4F1D9B7FDA0018B3FE /* Release */,
			);
			defaultConfigurationIsVisible = 0;
			defaultConfigurationName = Release;
		};
/* End XCConfigurationList section */
	};
	rootObject = 03E78E331D9B7FD90018B3FE /* Project object */;
}
